
Microsoft Visual Studio Solution File, Format Version 12.00
# Visual Studio Version 17
VisualStudioVersion = 17.7.34018.315
MinimumVisualStudioVersion = 10.0.40219.1
Project("{FAE04EC0-301F-11D3-BF4B-00C04F79EFBC}") = "ShellTodayNews", "ShellTodayNews\ShellTodayNews.csproj", "{AAE82E9D-2E04-4E49-B34F-2CACEEC53752}"
EndProject
Global
	GlobalSection(SolutionConfigurationPlatforms) = preSolution
		Debug|Any CPU = Debug|Any CPU
		Release|Any CPU = Release|Any CPU
	EndGlobalSection
	GlobalSection(ProjectConfigurationPlatforms) = postSolution
		{AAE82E9D-2E04-4E49-B34F-2CACEEC53752}.Debug|Any CPU.ActiveCfg = Debug|Any CPU
		{AAE82E9D-2E04-4E49-B34F-2CACEEC53752}.Debug|Any CPU.Build.0 = Debug|Any CPU
		{AAE82E9D-2E04-4E49-B34F-2CACEEC53752}.Release|Any CPU.ActiveCfg = Release|Any CPU
		{AAE82E9D-2E04-4E49-B34F-2CACEEC53752}.Release|Any CPU.Build.0 = Release|Any CPU
	EndGlobalSection
	GlobalSection(SolutionProperties) = preSolution
		HideSolutionNode = FALSE
	EndGlobalSection
	GlobalSection(ExtensibilityGlobals) = postSolution
		SolutionGuid = {9114386A-C448-48A9-B8F9-0162F77289AA}
	EndGlobalSection
EndGlobal
